
Microsoft Visual Studio Solution File, Format Version 12.00
# Visual Studio Version 16
VisualStudioVersion = 16.0.29728.190
MinimumVisualStudioVersion = 10.0.40219.1
Project("{FAE04EC0-301F-11D3-BF4B-00C04F79EFBC}") = "Notes.Net", "Notes.Net\Notes.Net.csproj", "{3986FBDA-6AE5-44C7-9504-03D5968D0FFF}"
EndProject
Project("{FAE04EC0-301F-11D3-BF4B-00C04F79EFBC}") = "WebApp.Test", "WebApp.Test\WebApp.Test.csproj", "{F73EC3AC-A5FA-4C96-A0EA-45D15BDEA359}"
EndProject
Global
	GlobalSection(SolutionConfigurationPlatforms) = preSolution
		Debug|Any CPU = Debug|Any CPU
		Release|Any CPU = Release|Any CPU
	EndGlobalSection
	GlobalSection(ProjectConfigurationPlatforms) = postSolution
		{3986FBDA-6AE5-44C7-9504-03D5968D0FFF}.Debug|Any CPU.ActiveCfg = Debug|Any CPU
		{3986FBDA-6AE5-44C7-9504-03D5968D0FFF}.Debug|Any CPU.Build.0 = Debug|Any CPU
		{3986FBDA-6AE5-44C7-9504-03D5968D0FFF}.Release|Any CPU.ActiveCfg = Release|Any CPU
		{3986FBDA-6AE5-44C7-9504-03D5968D0FFF}.Release|Any CPU.Build.0 = Release|Any CPU
		{F73EC3AC-A5FA-4C96-A0EA-45D15BDEA359}.Debug|Any CPU.ActiveCfg = Debug|Any CPU
		{F73EC3AC-A5FA-4C96-A0EA-45D15BDEA359}.Debug|Any CPU.Build.0 = Debug|Any CPU
		{F73EC3AC-A5FA-4C96-A0EA-45D15BDEA359}.Release|Any CPU.ActiveCfg = Release|Any CPU
		{F73EC3AC-A5FA-4C96-A0EA-45D15BDEA359}.Release|Any CPU.Build.0 = Release|Any CPU
	EndGlobalSection
	GlobalSection(SolutionProperties) = preSolution
		HideSolutionNode = FALSE
	EndGlobalSection
	GlobalSection(ExtensibilityGlobals) = postSolution
		SolutionGuid = {165B98A6-0888-422D-828C-99EE728F64FF}
	EndGlobalSection
EndGlobal
